{
  "name": "lite-web-server",
  "version": "1.0.3-beta.1633443720",
  "lockfileVersion": 2,
  "requires": true,
  "packages": {
    "": {
      "name": "lite-web-server",
      "version": "1.0.3-beta.1633443720",
      "license": "MIT",
      "engines": {
        "node": ">=12.0.0"
      }
    }
  }
}
